6e55ad7baa87468244e7919c7556e96abc5da05576cabd8b879a019c6d43e1b6 https://dl-cdn.alpinelinux.org/alpine/v3.23/main/x86_64/alpine-baselayout-3.7.2-r0.apk
e6bdc54b720b4053a60aad2610fdc7b7bcc61b4ba818b650fad4f216dcf98c81 https://dl-cdn.alpinelinux.org/alpine/v3.23/main/x86_64/alpine-baselayout-data-3.7.2-r0.apk
a6d92d54856452e1d442e1d20820215c4829e6049c1944a5e65d8dacc55a07ed https://dl-cdn.alpinelinux.org/alpine/v3.23/main/x86_64/alpine-keys-2.6-r0.apk
405adef9f3bbd761bffb046b81221cb41c4edc59e0c0b9115dd8963f02d22596 https://dl-cdn.alpinelinux.org/alpine/v3.23/main/x86_64/apk-tools-3.0.8-r0.apk
2fea8c73710994099eaec6832b69a0f70163e0d6ee13848af3a5270a16d15c5c https://dl-cdn.alpinelinux.org/alpine/v3.23/main/x86_64/busybox-1.37.0-r30.apk
94f10cf3bb79f033d5ac86675312229e28a8a858fa7bfb5268675951b99466e7 https://dl-cdn.alpinelinux.org/alpine/v3.23/main/x86_64/busybox-binsh-1.37.0-r30.apk
68ee230255f291fcc7539bacd1cc38cb15debda9cff66e57e9ff022a2c38816c https://dl-cdn.alpinelinux.org/alpine/v3.23/main/x86_64/ca-certificates-20260909-r0.apk
31cad7c94ffa88b271c95c91c49af158bd7f31ac85508508ce8b742250e0363c https://dl-cdn.alpinelinux.org/alpine/v3.23/main/x86_64/ca-certificates-bundle-20260909-r0.apk
1a99c3ca2fbd96030a93325d50d04390e353f12584999276bdd3abcc6ab997da https://dl-cdn.alpinelinux.org/alpine/v3.23/main/x86_64/gdbm-1.26-r0.apk
c8fa78ac30761d2dc47d5db7b9056a3b5cfdd565af173a4be1e4449a6b7fd664 https://dl-cdn.alpinelinux.org/alpine/v3.23/main/x86_64/iperf3-3.19.1-r1.apk
215ebe3e85e1c1f739ffdb6da30f61bd88101d5157bfcc1910e325e6aae74dd2 https://dl-cdn.alpinelinux.org/alpine/v3.23/main/x86_64/iproute2-minimal-6.17.0-r0.apk
f5be42fcc282ebd4e0e2f5bd8bfef7365b895dbba0756ab5091a6ce19332a081 https://dl-cdn.alpinelinux.org/alpine/v3.23/main/x86_64/libapk-3.0.8-r0.apk
9995840a76ac97ec006259391b7a81b73b73c5cf2f462bf12bb2250afbf665b9 https://dl-cdn.alpinelinux.org/alpine/v3.23/main/x86_64/libbz2-1.0.8-r6.apk
d81631e1a710f3851246516e37aeeaa875b3c921a130c1210e3643a7e24e3b2d https://dl-cdn.alpinelinux.org/alpine/v3.23/main/x86_64/libcap2-2.78-r0.apk
9c82c86f051f3372445ecdbae5068ccc39dbc423ba8f779eaa84549fef1cfc77 https://dl-cdn.alpinelinux.org/alpine/v3.23/main/x86_64/libcrypto3-3.5.9-r0.apk
5dffa764cff5a2858ec3279174e467fba2b2011dc3550e934a15e72e5ee01d19 https://dl-cdn.alpinelinux.org/alpine/v3.23/main/x86_64/libelf-0.194-r0.apk
5216046085b92da88a6b107dbbb558f69d49c347a6335291fcf199ebd1670a8f https://dl-cdn.alpinelinux.org/alpine/v3.23/main/x86_64/libexpat-2.8.5-r0.apk
0b3473a1468bed5fbb913a1ffa121e253080b21b013fe47e0300bd7e85224e76 https://dl-cdn.alpinelinux.org/alpine/v3.23/main/x86_64/libffi-3.5.2-r0.apk
4279d14cbf43311312d3a7d43619f4c15ede2e46d5608ba421ed157ded57c700 https://dl-cdn.alpinelinux.org/alpine/v3.23/main/x86_64/libgcc-15.2.0-r2.apk
48474dde0d30a3c2e6de3f1e17b4b2eeb3f165f4655c2a4db394cdc500e90d44 https://dl-cdn.alpinelinux.org/alpine/v3.23/main/x86_64/libmnl-1.0.5-r2.apk
233f20a6d64d87afbc4b03ad3e7508f5d56af747508c395ba7a6c5f1033b15f0 https://dl-cdn.alpinelinux.org/alpine/v3.23/main/x86_64/libncursesw-6.5_p20251123-r0.apk
43b7346857c51ef2426fc4953177d4fa0ef4703d412215744fcd4bc96e6facfd https://dl-cdn.alpinelinux.org/alpine/v3.23/main/x86_64/libpanelw-6.5_p20251123-r0.apk
b5ad11f5955b3b7ddfd8c32e8c1fdd79878d208bb4dfa9bbd8f35ddc59187242 https://dl-cdn.alpinelinux.org/alpine/v3.23/main/x86_64/libssl3-3.5.9-r0.apk
d4be2967a06d78b499f5e136323f4ebe51ad367b381933b3369539499c4f5752 https://dl-cdn.alpinelinux.org/alpine/v3.23/main/x86_64/libstdc++-15.2.0-r2.apk
51554fc6064cc7e595c9f331e6ea4ca87b62aad0d08b9bb9b441655a994a92e1 https://dl-cdn.alpinelinux.org/alpine/v3.23/main/x86_64/mpdecimal-4.0.1-r0.apk
4f3c4a7bf9f51d2c91007e333b17459362ffd881b4a343e8da07b6c50c4f4a0d https://dl-cdn.alpinelinux.org/alpine/v3.23/main/x86_64/musl-1.2.5-r23.apk
ce733f22cf98d5812e68174609f2f08cb62ec83037f11b1de2fd58b0b6ba1a1a https://dl-cdn.alpinelinux.org/alpine/v3.23/main/x86_64/musl-utils-1.2.5-r23.apk
9392f4d87fd9446c7c35dd1a29abe8e3566174e03bd75c848028e46829403f1f https://dl-cdn.alpinelinux.org/alpine/v3.23/main/x86_64/ncurses-terminfo-base-6.5_p20251123-r0.apk
29694494393f3cd4b19297504baafdea612d9b8144bf9bb8fbac0c15dd5e7baf https://dl-cdn.alpinelinux.org/alpine/v3.23/main/x86_64/python3-3.12.15-r0.apk
6d29b98eafff4aebaed4e61fca8329fbf7b26489a29fefc1d4462610d687303b https://dl-cdn.alpinelinux.org/alpine/v3.23/main/x86_64/readline-8.3.1-r0.apk
6708eb12027a430614c523e6dcdca6eebcbff5b225242738a33a3a04df7f66b7 https://dl-cdn.alpinelinux.org/alpine/v3.23/main/x86_64/scanelf-1.3.8-r2.apk
414be12c879052f4614a42a10fc12af67a88ba49e8e1e33f78cd9ddbbdb13fee https://dl-cdn.alpinelinux.org/alpine/v3.23/main/x86_64/sqlite-libs-3.53.4-r0.apk
50a3c346ad8b095c901dc6ccd12ecce9f7031a740f451b31fbea7ee401eca382 https://dl-cdn.alpinelinux.org/alpine/v3.23/main/x86_64/ssl_client-1.37.0-r30.apk
3c8cc415e88c2a097543d9ee828081ec1905e7d0f57a319c8896269b0e00a672 https://dl-cdn.alpinelinux.org/alpine/v3.23/main/x86_64/xz-libs-5.8.4-r0.apk
ee62e1864c235901e2aa4d1868c7ae8f7cc5d0740a98c48a2525332eb4bfda73 https://dl-cdn.alpinelinux.org/alpine/v3.23/main/x86_64/zlib-1.3.2-r1.apk
d5fcc58f7f071a5658d97b09838668e4443203217631992915b8e60656904104 https://dl-cdn.alpinelinux.org/alpine/v3.23/main/x86_64/zstd-libs-1.5.7-r2.apk
