11c8dfc7c0f3c7eb3599b9faf2888bc012dc34118fc1f6e1c5740d77d82e26d3 https://dl-cdn.alpinelinux.org/alpine/v3.23/main/aarch64/alpine-baselayout-3.7.2-r0.apk
7206c404fec5ccaae7f34604e8660ba1c6d5f93675ee0b83ef9843bfab730ac9 https://dl-cdn.alpinelinux.org/alpine/v3.23/main/aarch64/alpine-baselayout-data-3.7.2-r0.apk
a4b23531e2f48375d515ba77d983ac39a83aca4222744a40475c7bd2f50e6d66 https://dl-cdn.alpinelinux.org/alpine/v3.23/main/aarch64/alpine-keys-2.6-r0.apk
19c7a0de80fe9c7ab9e21f93e157fe5df18d6bdb2bae055612fcd3cd9e68de06 https://dl-cdn.alpinelinux.org/alpine/v3.23/main/aarch64/apk-tools-3.0.8-r0.apk
d3c919f1f142e41ba83c7dbcc392388f23f840dda6867719e660ebb9cc681254 https://dl-cdn.alpinelinux.org/alpine/v3.23/main/aarch64/busybox-1.37.0-r30.apk
311c832f7b05a545b8d18dbddff23b1d6d0c6085970735398064f91ed55cd575 https://dl-cdn.alpinelinux.org/alpine/v3.23/main/aarch64/busybox-binsh-1.37.0-r30.apk
66ed7ee7ef784bc5bd1052d673e6b569496cb5ca42d72f2f0c984b3762e5dfdd https://dl-cdn.alpinelinux.org/alpine/v3.23/main/aarch64/ca-certificates-20260909-r0.apk
ad418de0031d2de47650002084ab494e0c8f28c386e8744173311b410e56fcf5 https://dl-cdn.alpinelinux.org/alpine/v3.23/main/aarch64/ca-certificates-bundle-20260909-r0.apk
d8981e56b4c16722424ef642313bb710e42cc7181f204e14856a1f21887adf17 https://dl-cdn.alpinelinux.org/alpine/v3.23/main/aarch64/gdbm-1.26-r0.apk
da2a7b7eaaa0fc1427897999578cef7deb9b283fe220ac0ae38f80e1fc584199 https://dl-cdn.alpinelinux.org/alpine/v3.23/main/aarch64/iperf3-3.19.1-r1.apk
cb59fda34bb6683b09cf510985d0d00aebfb78e00c5fd872fa4cd7095175a4a9 https://dl-cdn.alpinelinux.org/alpine/v3.23/main/aarch64/iproute2-minimal-6.17.0-r0.apk
36f4160a3d9e885652435f78b80b80ba2b74abbfab116958808772128b8785d5 https://dl-cdn.alpinelinux.org/alpine/v3.23/main/aarch64/libapk-3.0.8-r0.apk
ccd478f4d5346a25911d4ee977690e2695e0ca3acf3e6b1a8c1300b2f4311e2f https://dl-cdn.alpinelinux.org/alpine/v3.23/main/aarch64/libbz2-1.0.8-r6.apk
b92145d3ceaf2ba81106241e2939eafc7aacb9c32590e4b1be37171fd2f61112 https://dl-cdn.alpinelinux.org/alpine/v3.23/main/aarch64/libcap2-2.78-r0.apk
3b0bd7aaac36d49216f47d025f303dafb6da8d05bd258f71900d3b6156d36012 https://dl-cdn.alpinelinux.org/alpine/v3.23/main/aarch64/libcrypto3-3.5.9-r0.apk
a92cb7309a0096234fbdd4e19a499e56337d9bb1fe18eb9d5ef6a89a4b46dbc6 https://dl-cdn.alpinelinux.org/alpine/v3.23/main/aarch64/libelf-0.194-r0.apk
18e5a4f1715dd9fee420d250d14be9e59936352929085939f33da01c3fbde28d https://dl-cdn.alpinelinux.org/alpine/v3.23/main/aarch64/libexpat-2.8.5-r0.apk
ebf430b246a6b1167350431e2af59a09f4edbc42dc3e03f3b9d74800ba5f9e7f https://dl-cdn.alpinelinux.org/alpine/v3.23/main/aarch64/libffi-3.5.2-r0.apk
eaaafda78fde1c904e1741680ddea91649f051e29a343152c8a4327605704b0f https://dl-cdn.alpinelinux.org/alpine/v3.23/main/aarch64/libgcc-15.2.0-r2.apk
e4d193a3cb4a44defd722292edde361e941b891ed93fcea94bbcf13b0972c5bb https://dl-cdn.alpinelinux.org/alpine/v3.23/main/aarch64/libmnl-1.0.5-r2.apk
7fe332c8af8b97579e89df56466f83f4abda5040a18e1842c07d684320bbef4b https://dl-cdn.alpinelinux.org/alpine/v3.23/main/aarch64/libncursesw-6.5_p20251123-r0.apk
d2d6c6eaf1ef0894ae777adb36e063c9fe1f08eba8d318163073557d901cdcd3 https://dl-cdn.alpinelinux.org/alpine/v3.23/main/aarch64/libpanelw-6.5_p20251123-r0.apk
cdb3762116994f767cd1da423fa8004bd36b2e3802e3a1343786a40f00a5030e https://dl-cdn.alpinelinux.org/alpine/v3.23/main/aarch64/libssl3-3.5.9-r0.apk
10d72e25f6fcc0f3d9fdd801c9bdaed81d6e836aa2b65b63f25d2d97f860a7d1 https://dl-cdn.alpinelinux.org/alpine/v3.23/main/aarch64/libstdc++-15.2.0-r2.apk
65f85194314576a50e0d3755ed42726c0ce37c846d2f22f558ea81a5ceb8278f https://dl-cdn.alpinelinux.org/alpine/v3.23/main/aarch64/mpdecimal-4.0.1-r0.apk
6a3edd924ead1fad88a69e28c5775809af3026b322f58428001cd02fedc5299e https://dl-cdn.alpinelinux.org/alpine/v3.23/main/aarch64/musl-1.2.5-r23.apk
0d87307c117d4327f4db4ed96b9d403775fe0c1804ae54e7aefcc720f997f573 https://dl-cdn.alpinelinux.org/alpine/v3.23/main/aarch64/musl-utils-1.2.5-r23.apk
6952a6b39abaf7bbc498cb085f0f59bf23619b53b3f7328b08fe50c0198a2bd4 https://dl-cdn.alpinelinux.org/alpine/v3.23/main/aarch64/ncurses-terminfo-base-6.5_p20251123-r0.apk
dabc892646c32cc6619afadd30256d1845b1ef34a3f5bebff84895813b55b95b https://dl-cdn.alpinelinux.org/alpine/v3.23/main/aarch64/python3-3.12.15-r0.apk
70d288a6c3d8daf19b10fb220120d2ebd6f154011c96ca5bc84923b658cb21f7 https://dl-cdn.alpinelinux.org/alpine/v3.23/main/aarch64/readline-8.3.1-r0.apk
5d75064157e84a2956b3b353a5e81b6bb195cb0830a71981d342263094584f81 https://dl-cdn.alpinelinux.org/alpine/v3.23/main/aarch64/scanelf-1.3.8-r2.apk
badbc86e4586a716f98a1da9087a694a276a002e3c9f73d4a8efd14f3a9881e2 https://dl-cdn.alpinelinux.org/alpine/v3.23/main/aarch64/sqlite-libs-3.53.4-r0.apk
990d82a6c4e3af70be12cc0ee09aa9ddfd30ac0ec71edad04b3fa158fd9ebe46 https://dl-cdn.alpinelinux.org/alpine/v3.23/main/aarch64/ssl_client-1.37.0-r30.apk
55cec0880e1d06049147cd295a7c8a2909a668fc58a00c187741f3a16c25c55d https://dl-cdn.alpinelinux.org/alpine/v3.23/main/aarch64/xz-libs-5.8.4-r0.apk
82d52fa82a46c73aae8b9f95d7f31a196137f3ce4a000980cdbbfc05c245e7bf https://dl-cdn.alpinelinux.org/alpine/v3.23/main/aarch64/zlib-1.3.2-r1.apk
50a998e56e4bf31504996e49c1b4a23eed5e0cd4e24b8a1356a54daf1a6eabbe https://dl-cdn.alpinelinux.org/alpine/v3.23/main/aarch64/zstd-libs-1.5.7-r2.apk
